PODS:
  - MultiPlatformLibrary (0.1.0)

DEPENDENCIES:
  - MultiPlatformLibrary (from `../mpp-library`)

EXTERNAL SOURCES:
  MultiPlatformLibrary:
    :path: "../mpp-library"

SPEC CHECKSUMS:
  MultiPlatformLibrary: 050151f1b2e9b2dcfff0763bb625fb3a0a063076

PODFILE CHECKSUM: ad3ecd1afe182c0aea10da9a77e9652b5f68993b

COCOAPODS: 1.16.2
