PODS:
  - MultiPlatformLibrary (0.1.0)

DEPENDENCIES:
  - MultiPlatformLibrary (from `../mpp-library`)

EXTERNAL SOURCES:
  MultiPlatformLibrary:
    :path: "../mpp-library"

SPEC CHECKSUMS:
  MultiPlatformLibrary: 2a9f43df7bd018c32611a2087c1e2ef74847394c

PODFILE CHECKSUM: ad3ecd1afe182c0aea10da9a77e9652b5f68993b

COCOAPODS: 1.16.2
